{
  "name": "kansei",
  "version": "1.0.0",
  "lockfileVersion": 3,
  "requires": true,
  "packages": {
    "": {
      "name": "kansei",
      "version": "1.0.0",
      "license": "ISC",
      "dependencies": {
        "@joint/core": "^4.0.1"
      }
    },
    "node_modules/@joint/core": {
      "version": "4.0.1",
      "resolved": "https://registry.npmmirror.com/@joint/core/-/core-4.0.1.tgz",
      "integrity": "sha512-/nI64MhSUhTJ4rVT0UeaVBYyFYE8SLGbz1M6nB3lcE9pub1a8cudXG6+8MqhmQMMBOZ2SwNUpHebZXyl5gqDZg=="
    }
  }
}
